
Microsoft Visual Studio Solution File, Format Version 12.00
# Visual Studio Version 17
VisualStudioVersion = 17.11.35312.102
MinimumVisualStudioVersion = 10.0.40219.1
Project("{9A19103F-16F7-4668-BE54-9A1E7A4F7556}") = "SSH", "SSH\SSH.csproj", "{E5220F6E-A65D-46DE-96BE-76CC76666173}"
EndProject
Project("{2150E333-8FDC-42A3-9474-1A3956D46DE8}") = "Solution Items", "Solution Items", "{6AD412B9-01F0-4286-A00A-5AA8CF88C5FB}"
	ProjectSection(SolutionItems) = preProject
		.editorconfig = .editorconfig
		README.md = README.md
	EndProjectSection
EndProject
Global
	GlobalSection(SolutionConfigurationPlatforms) = preSolution
		Debug|ARM64 = Debug|ARM64
		Debug|x64 = Debug|x64
		Release|ARM64 = Release|ARM64
		Release|x64 = Release|x64
	EndGlobalSection
	GlobalSection(ProjectConfigurationPlatforms) = postSolution
		{E5220F6E-A65D-46DE-96BE-76CC76666173}.Debug|ARM64.ActiveCfg = Debug|ARM64
		{E5220F6E-A65D-46DE-96BE-76CC76666173}.Debug|ARM64.Build.0 = Debug|ARM64
		{E5220F6E-A65D-46DE-96BE-76CC76666173}.Debug|x64.ActiveCfg = Debug|x64
		{E5220F6E-A65D-46DE-96BE-76CC76666173}.Debug|x64.Build.0 = Debug|x64
		{E5220F6E-A65D-46DE-96BE-76CC76666173}.Release|ARM64.ActiveCfg = Release|ARM64
		{E5220F6E-A65D-46DE-96BE-76CC76666173}.Release|ARM64.Build.0 = Release|ARM64
		{E5220F6E-A65D-46DE-96BE-76CC76666173}.Release|x64.ActiveCfg = Release|x64
		{E5220F6E-A65D-46DE-96BE-76CC76666173}.Release|x64.Build.0 = Release|x64
	EndGlobalSection
	GlobalSection(SolutionProperties) = preSolution
		HideSolutionNode = FALSE
	EndGlobalSection
	GlobalSection(ExtensibilityGlobals) = postSolution
		SolutionGuid = {78422238-2A73-4327-8ACB-D936EBA07208}
	EndGlobalSection
EndGlobal
